# THIS IS AN AUTOGENERATED FILE. DO NOT EDIT THIS FILE DIRECTLY.
# yarn lockfile v1


"@figma/plugin-typings@*":
  version "1.54.0"
  resolved "https://registry.yarnpkg.com/@figma/plugin-typings/-/plugin-typings-1.54.0.tgz#73281950b7b7582136309e7258d8f649e256b630"
  integrity sha512-jetMn5s9p+X/iB+ZXbUrMI++8zhK21n6W9KT/IAz4DfI9NMy0+URlEaySmqRMyKwZUMVRhzYO10QzQLfOXk1fQ==

typescript@*:
  version "4.8.4"
  resolved "https://registry.yarnpkg.com/typescript/-/typescript-4.8.4.tgz#c464abca159669597be5f96b8943500b238e60e6"
  integrity sha512-QCh+85mCy+h0IGff8r5XWzOVSbBO+KfeYrMQh7NJ58QujwcE22u+NUSmUxqF+un70P9GXKxa2HCNiTTMJknyjQ==
